
Microsoft Visual Studio Solution File, Format Version 12.00
# Visual Studio 15
VisualStudioVersion = 15.0.28307.168
MinimumVisualStudioVersion = 10.0.40219.1
Project("{FAE04EC0-301F-11D3-BF4B-00C04F79EFBC}") = "freewaymovers", "freewaymovers\freewaymovers.csproj", "{BCB85C80-AE6D-4B65-823C-F8C0F404EBEC}"
EndProject
Global
	GlobalSection(SolutionConfigurationPlatforms) = preSolution
		Debug|Any CPU = Debug|Any CPU
		Release|Any CPU = Release|Any CPU
	EndGlobalSection
	GlobalSection(ProjectConfigurationPlatforms) = postSolution
		{BCB85C80-AE6D-4B65-823C-F8C0F404EBEC}.Debug|Any CPU.ActiveCfg = Debug|Any CPU
		{BCB85C80-AE6D-4B65-823C-F8C0F404EBEC}.Debug|Any CPU.Build.0 = Debug|Any CPU
		{BCB85C80-AE6D-4B65-823C-F8C0F404EBEC}.Release|Any CPU.ActiveCfg = Release|Any CPU
		{BCB85C80-AE6D-4B65-823C-F8C0F404EBEC}.Release|Any CPU.Build.0 = Release|Any CPU
	EndGlobalSection
	GlobalSection(SolutionProperties) = preSolution
		HideSolutionNode = FALSE
	EndGlobalSection
	GlobalSection(ExtensibilityGlobals) = postSolution
		SolutionGuid = {62B112D7-A3AB-4801-819A-0245CDF020F4}
	EndGlobalSection
EndGlobal
